
Microsoft Visual Studio Solution File, Format Version 12.00
# Visual Studio Version 16
VisualStudioVersion = 16.0.31727.386
MinimumVisualStudioVersion = 10.0.40219.1
Project("{FAE04EC0-301F-11D3-BF4B-00C04F79EFBC}") = "2122_meres_1_14", "2122_meres_1_14\2122_meres_1_14.csproj", "{232B1B96-513F-45B3-9541-3946A94B339F}"
EndProject
Global
	GlobalSection(SolutionConfigurationPlatforms) = preSolution
		Debug|Any CPU = Debug|Any CPU
		Release|Any CPU = Release|Any CPU
	EndGlobalSection
	GlobalSection(ProjectConfigurationPlatforms) = postSolution
		{232B1B96-513F-45B3-9541-3946A94B339F}.Debug|Any CPU.ActiveCfg = Debug|Any CPU
		{232B1B96-513F-45B3-9541-3946A94B339F}.Debug|Any CPU.Build.0 = Debug|Any CPU
		{232B1B96-513F-45B3-9541-3946A94B339F}.Release|Any CPU.ActiveCfg = Release|Any CPU
		{232B1B96-513F-45B3-9541-3946A94B339F}.Release|Any CPU.Build.0 = Release|Any CPU
	EndGlobalSection
	GlobalSection(SolutionProperties) = preSolution
		HideSolutionNode = FALSE
	EndGlobalSection
	GlobalSection(ExtensibilityGlobals) = postSolution
		SolutionGuid = {7ACA11E4-88E5-4F06-BD6B-B9E69886A96D}
	EndGlobalSection
EndGlobal
